// !$*UTF8*$!
{
	archiveVersion = 1;
	classes = {
	};
	objectVersion = 39;
	objects = {
		034768DDFF38A45A11DB9C8B = {
			children = (
				8D07F2C80486CC7A007CD1D0,
			);
			isa = PBXGroup;
			name = Products;
			refType = 4;
			sourceTree = "<group>";
		};
//030
//031
//032
//033
//034
//080
//081
//082
//083
//084
		0867D690FE84028FC02AAC07 = {
			buildSettings = {
			};
			buildStyles = (
				4F0BB7EC011F40E904CA0E50,
				4F0BB7ED011F40E904CA0E50,
			);
			hasScannedForEncodings = 1;
			isa = PBXProject;
			mainGroup = 0867D691FE84028FC02AAC07;
			productRefGroup = 034768DDFF38A45A11DB9C8B;
			projectDirPath = "";
			targets = (
				8D07F2BC0486CC7A007CD1D0,
			);
		};
		0867D691FE84028FC02AAC07 = {
			children = (
				08FB77ACFE841707C02AAC07,
				089C1665FE841158C02AAC07,
				0867D69AFE84028FC02AAC07,
				034768DDFF38A45A11DB9C8B,
			);
			isa = PBXGroup;
			name = HippoCommon;
			refType = 4;
			sourceTree = "<group>";
		};
		0867D69AFE84028FC02AAC07 = {
			children = (
			);
			isa = PBXGroup;
			name = "External Frameworks and Libraries";
			refType = 4;
			sourceTree = "<group>";
		};
		089C1665FE841158C02AAC07 = {
			children = (
				8D07F2C70486CC7A007CD1D0,
				089C1666FE841158C02AAC07,
			);
			isa = PBXGroup;
			name = Resources;
			refType = 4;
			sourceTree = "<group>";
		};
		089C1666FE841158C02AAC07 = {
			children = (
				089C1667FE841158C02AAC07,
			);
			isa = PBXVariantGroup;
			name = InfoPlist.strings;
			path = "";
			refType = 2;
			sourceTree = SOURCE_ROOT;
		};
		089C1667FE841158C02AAC07 = {
			fileEncoding = 10;
			isa = PBXFileReference;
			lastKnownFileType = text.plist.strings;
			name = English;
			path = English.lproj/InfoPlist.strings;
			refType = 4;
			sourceTree = "<group>";
		};
		08FB77ACFE841707C02AAC07 = {
			children = (
				375F22B50A2CD92700596099,
				375F22B40A2CD92100596099,
			);
			isa = PBXGroup;
			name = Source;
			refType = 4;
			sourceTree = "<group>";
		};
//080
//081
//082
//083
//084
//370
//371
//372
//373
//374
		375F22B40A2CD92100596099 = {
			children = (
				375F22B60A2CD94300596099,
				375F22B70A2CD94300596099,
				375F22B80A2CD94300596099,
				375F22B90A2CD94300596099,
				375F22BA0A2CD94300596099,
				375F22BB0A2CD94300596099,
				375F22BC0A2CD94300596099,
				375F22BD0A2CD94300596099,
				375F22BE0A2CD94300596099,
				375F22BF0A2CD94300596099,
				375F22C00A2CD94300596099,
				375F22C10A2CD94300596099,
				375F22C20A2CD94300596099,
				375F22C30A2CD94300596099,
				375F22C40A2CD94300596099,
				375F22C50A2CD94300596099,
				375F22C60A2CD94300596099,
				375F22C70A2CD94300596099,
				375F22C80A2CD94300596099,
				375F22C90A2CD94300596099,
				375F22CA0A2CD94300596099,
				375F22CB0A2CD94300596099,
				375F22CC0A2CD94300596099,
				375F22CD0A2CD94300596099,
			);
			isa = PBXGroup;
			name = Loudmouth;
			refType = 4;
			sourceTree = "<group>";
		};
		375F22B50A2CD92700596099 = {
			children = (
				375F22E60A2CD95600596099,
				375F22E70A2CD95600596099,
				375F22E80A2CD95600596099,
				375F22E90A2CD95600596099,
				375F22EA0A2CD95600596099,
				375F22EB0A2CD95600596099,
				375F22EC0A2CD95600596099,
				375F22ED0A2CD95600596099,
				375F22EE0A2CD95600596099,
				375F22EF0A2CD95600596099,
				375F22F00A2CD95600596099,
				375F22F10A2CD95600596099,
				375F22F20A2CD95600596099,
				375F22F30A2CD95600596099,
				375F22F40A2CD95600596099,
				375F22F50A2CD95600596099,
				375F22F60A2CD95600596099,
				375F22F70A2CD95600596099,
				375F22F80A2CD95600596099,
				375F22F90A2CD95600596099,
				375F22FA0A2CD95600596099,
				375F22FB0A2CD95600596099,
				375F22FC0A2CD95600596099,
				375F22FD0A2CD95600596099,
			);
			isa = PBXGroup;
			name = Hippo;
			refType = 4;
			sourceTree = "<group>";
		};
		375F22B60A2CD94300596099 = {
			fileEncoding = 4;
			isa = PBXFileReference;
			lastKnownFileType = sourcecode.c.c;
			name = "lm-connection.c";
			path = "../loudmouth/loudmouth/lm-connection.c";
			refType = 2;
			sourceTree = SOURCE_ROOT;
		};
		375F22B70A2CD94300596099 = {
			fileEncoding = 4;
			isa = PBXFileReference;
			lastKnownFileType = sourcecode.c.h;
			name = "lm-connection.h";
			path = "../loudmouth/loudmouth/lm-connection.h";
			refType = 2;
			sourceTree = SOURCE_ROOT;
		};
		375F22B80A2CD94300596099 = {
			fileEncoding = 4;
			isa = PBXFileReference;
			lastKnownFileType = sourcecode.c.c;
			name = "lm-debug.c";
			path = "../loudmouth/loudmouth/lm-debug.c";
			refType = 2;
			sourceTree = SOURCE_ROOT;
		};
		375F22B90A2CD94300596099 = {
			fileEncoding = 4;
			isa = PBXFileReference;
			lastKnownFileType = sourcecode.c.h;
			name = "lm-debug.h";
			path = "../loudmouth/loudmouth/lm-debug.h";
			refType = 2;
			sourceTree = SOURCE_ROOT;
		};
		375F22BA0A2CD94300596099 = {
			fileEncoding = 4;
			isa = PBXFileReference;
			lastKnownFileType = sourcecode.c.c;
			name = "lm-error.c";
			path = "../loudmouth/loudmouth/lm-error.c";
			refType = 2;
			sourceTree = SOURCE_ROOT;
		};
		375F22BB0A2CD94300596099 = {
			fileEncoding = 4;
			isa = PBXFileReference;
			lastKnownFileType = sourcecode.c.h;
			name = "lm-error.h";
			path = "../loudmouth/loudmouth/lm-error.h";
			refType = 2;
			sourceTree = SOURCE_ROOT;
		};
		375F22BC0A2CD94300596099 = {
			fileEncoding = 4;
			isa = PBXFileReference;
			lastKnownFileType = sourcecode.c.h;
			name = "lm-internals.h";
			path = "../loudmouth/loudmouth/lm-internals.h";
			refType = 2;
			sourceTree = SOURCE_ROOT;
		};
		375F22BD0A2CD94300596099 = {
			fileEncoding = 4;
			isa = PBXFileReference;
			lastKnownFileType = sourcecode.c.c;
			name = "lm-message-handler.c";
			path = "../loudmouth/loudmouth/lm-message-handler.c";
			refType = 2;
			sourceTree = SOURCE_ROOT;
		};
		375F22BE0A2CD94300596099 = {
			fileEncoding = 4;
			isa = PBXFileReference;
			lastKnownFileType = sourcecode.c.h;
			name = "lm-message-handler.h";
			path = "../loudmouth/loudmouth/lm-message-handler.h";
			refType = 2;
			sourceTree = SOURCE_ROOT;
		};
		375F22BF0A2CD94300596099 = {
			fileEncoding = 4;
			isa = PBXFileReference;
			lastKnownFileType = sourcecode.c.c;
			name = "lm-message-node.c";
			path = "../loudmouth/loudmouth/lm-message-node.c";
			refType = 2;
			sourceTree = SOURCE_ROOT;
		};
		375F22C00A2CD94300596099 = {
			fileEncoding = 4;
			isa = PBXFileReference;
			lastKnownFileType = sourcecode.c.h;
			name = "lm-message-node.h";
			path = "../loudmouth/loudmouth/lm-message-node.h";
			refType = 2;
			sourceTree = SOURCE_ROOT;
		};
		375F22C10A2CD94300596099 = {
			fileEncoding = 4;
			isa = PBXFileReference;
			lastKnownFileType = sourcecode.c.c;
			name = "lm-message.c";
			path = "../loudmouth/loudmouth/lm-message.c";
			refType = 2;
			sourceTree = SOURCE_ROOT;
		};
		375F22C20A2CD94300596099 = {
			fileEncoding = 4;
			isa = PBXFileReference;
			lastKnownFileType = sourcecode.c.h;
			name = "lm-message.h";
			path = "../loudmouth/loudmouth/lm-message.h";
			refType = 2;
			sourceTree = SOURCE_ROOT;
		};
		375F22C30A2CD94300596099 = {
			fileEncoding = 4;
			isa = PBXFileReference;
			lastKnownFileType = sourcecode.c.c;
			name = "lm-parser.c";
			path = "../loudmouth/loudmouth/lm-parser.c";
			refType = 2;
			sourceTree = SOURCE_ROOT;
		};
		375F22C40A2CD94300596099 = {
			fileEncoding = 4;
			isa = PBXFileReference;
			lastKnownFileType = sourcecode.c.h;
			name = "lm-parser.h";
			path = "../loudmouth/loudmouth/lm-parser.h";
			refType = 2;
			sourceTree = SOURCE_ROOT;
		};
		375F22C50A2CD94300596099 = {
			fileEncoding = 4;
			isa = PBXFileReference;
			lastKnownFileType = sourcecode.c.c;
			name = "lm-proxy.c";
			path = "../loudmouth/loudmouth/lm-proxy.c";
			refType = 2;
			sourceTree = SOURCE_ROOT;
		};
		375F22C60A2CD94300596099 = {
			fileEncoding = 4;
			isa = PBXFileReference;
			lastKnownFileType = sourcecode.c.h;
			name = "lm-proxy.h";
			path = "../loudmouth/loudmouth/lm-proxy.h";
			refType = 2;
			sourceTree = SOURCE_ROOT;
		};
		375F22C70A2CD94300596099 = {
			fileEncoding = 4;
			isa = PBXFileReference;
			lastKnownFileType = sourcecode.c.c;
			name = "lm-sha.c";
			path = "../loudmouth/loudmouth/lm-sha.c";
			refType = 2;
			sourceTree = SOURCE_ROOT;
		};
		375F22C80A2CD94300596099 = {
			fileEncoding = 4;
			isa = PBXFileReference;
			lastKnownFileType = sourcecode.c.h;
			name = "lm-sha.h";
			path = "../loudmouth/loudmouth/lm-sha.h";
			refType = 2;
			sourceTree = SOURCE_ROOT;
		};
		375F22C90A2CD94300596099 = {
			fileEncoding = 4;
			isa = PBXFileReference;
			lastKnownFileType = sourcecode.c.c;
			name = "lm-ssl.c";
			path = "../loudmouth/loudmouth/lm-ssl.c";
			refType = 2;
			sourceTree = SOURCE_ROOT;
		};
		375F22CA0A2CD94300596099 = {
			fileEncoding = 4;
			isa = PBXFileReference;
			lastKnownFileType = sourcecode.c.h;
			name = "lm-ssl.h";
			path = "../loudmouth/loudmouth/lm-ssl.h";
			refType = 2;
			sourceTree = SOURCE_ROOT;
		};
		375F22CB0A2CD94300596099 = {
			fileEncoding = 4;
			isa = PBXFileReference;
			lastKnownFileType = sourcecode.c.c;
			name = "lm-utils.c";
			path = "../loudmouth/loudmouth/lm-utils.c";
			refType = 2;
			sourceTree = SOURCE_ROOT;
		};
		375F22CC0A2CD94300596099 = {
			fileEncoding = 4;
			isa = PBXFileReference;
			lastKnownFileType = sourcecode.c.h;
			name = "lm-utils.h";
			path = "../loudmouth/loudmouth/lm-utils.h";
			refType = 2;
			sourceTree = SOURCE_ROOT;
		};
		375F22CD0A2CD94300596099 = {
			fileEncoding = 4;
			isa = PBXFileReference;
			lastKnownFileType = sourcecode.c.h;
			name = loudmouth.h;
			path = ../loudmouth/loudmouth/loudmouth.h;
			refType = 2;
			sourceTree = SOURCE_ROOT;
		};
		375F22CE0A2CD94300596099 = {
			fileRef = 375F22B60A2CD94300596099;
			isa = PBXBuildFile;
			settings = {
			};
		};
		375F22D00A2CD94300596099 = {
			fileRef = 375F22B80A2CD94300596099;
			isa = PBXBuildFile;
			settings = {
			};
		};
		375F22D20A2CD94300596099 = {
			fileRef = 375F22BA0A2CD94300596099;
			isa = PBXBuildFile;
			settings = {
			};
		};
		375F22D50A2CD94300596099 = {
			fileRef = 375F22BD0A2CD94300596099;
			isa = PBXBuildFile;
			settings = {
			};
		};
		375F22D70A2CD94300596099 = {
			fileRef = 375F22BF0A2CD94300596099;
			isa = PBXBuildFile;
			settings = {
			};
		};
		375F22D90A2CD94300596099 = {
			fileRef = 375F22C10A2CD94300596099;
			isa = PBXBuildFile;
			settings = {
			};
		};
		375F22DB0A2CD94300596099 = {
			fileRef = 375F22C30A2CD94300596099;
			isa = PBXBuildFile;
			settings = {
			};
		};
		375F22DD0A2CD94300596099 = {
			fileRef = 375F22C50A2CD94300596099;
			isa = PBXBuildFile;
			settings = {
			};
		};
		375F22DF0A2CD94300596099 = {
			fileRef = 375F22C70A2CD94300596099;
			isa = PBXBuildFile;
			settings = {
			};
		};
		375F22E10A2CD94300596099 = {
			fileRef = 375F22C90A2CD94300596099;
			isa = PBXBuildFile;
			settings = {
			};
		};
		375F22E30A2CD94300596099 = {
			fileRef = 375F22CB0A2CD94300596099;
			isa = PBXBuildFile;
			settings = {
			};
		};
		375F22E60A2CD95600596099 = {
			fileEncoding = 4;
			isa = PBXFileReference;
			lastKnownFileType = sourcecode.c.c;
			name = "hippo-basics.c";
			path = "../hippo/hippo-basics.c";
			refType = 2;
			sourceTree = SOURCE_ROOT;
		};
		375F22E70A2CD95600596099 = {
			fileEncoding = 4;
			isa = PBXFileReference;
			lastKnownFileType = sourcecode.c.h;
			name = "hippo-basics.h";
			path = "../hippo/hippo-basics.h";
			refType = 2;
			sourceTree = SOURCE_ROOT;
		};
		375F22E80A2CD95600596099 = {
			fileEncoding = 4;
			isa = PBXFileReference;
			lastKnownFileType = sourcecode.c.c;
			name = "hippo-chat-room.c";
			path = "../hippo/hippo-chat-room.c";
			refType = 2;
			sourceTree = SOURCE_ROOT;
		};
		375F22E90A2CD95600596099 = {
			fileEncoding = 4;
			isa = PBXFileReference;
			lastKnownFileType = sourcecode.c.h;
			name = "hippo-chat-room.h";
			path = "../hippo/hippo-chat-room.h";
			refType = 2;
			sourceTree = SOURCE_ROOT;
		};
		375F22EA0A2CD95600596099 = {
			fileEncoding = 4;
			isa = PBXFileReference;
			lastKnownFileType = sourcecode.c.h;
			name = "hippo-common-internal.h";
			path = "../hippo/hippo-common-internal.h";
			refType = 2;
			sourceTree = SOURCE_ROOT;
		};
		375F22EB0A2CD95600596099 = {
			fileEncoding = 4;
			isa = PBXFileReference;
			lastKnownFileType = sourcecode.c.h;
			name = "hippo-common.h";
			path = "../hippo/hippo-common.h";
			refType = 2;
			sourceTree = SOURCE_ROOT;
		};
		375F22EC0A2CD95600596099 = {
			fileEncoding = 4;
			isa = PBXFileReference;
			lastKnownFileType = sourcecode.c.c;
			name = "hippo-connection.c";
			path = "../hippo/hippo-connection.c";
			refType = 2;
			sourceTree = SOURCE_ROOT;
		};
		375F22ED0A2CD95600596099 = {
			fileEncoding = 4;
			isa = PBXFileReference;
			lastKnownFileType = sourcecode.c.h;
			name = "hippo-connection.h";
			path = "../hippo/hippo-connection.h";
			refType = 2;
			sourceTree = SOURCE_ROOT;
		};
		375F22EE0A2CD95600596099 = {
			fileEncoding = 4;
			isa = PBXFileReference;
			lastKnownFileType = sourcecode.c.c;
			name = "hippo-cookies.c";
			path = "../hippo/hippo-cookies.c";
			refType = 2;
			sourceTree = SOURCE_ROOT;
		};
		375F22EF0A2CD95600596099 = {
			fileEncoding = 4;
			isa = PBXFileReference;
			lastKnownFileType = sourcecode.c.h;
			name = "hippo-cookies.h";
			path = "../hippo/hippo-cookies.h";
			refType = 2;
			sourceTree = SOURCE_ROOT;
		};
		375F22F00A2CD95600596099 = {
			fileEncoding = 4;
			isa = PBXFileReference;
			lastKnownFileType = sourcecode.c.h;
			name = "hippo-data-cache-internal.h";
			path = "../hippo/hippo-data-cache-internal.h";
			refType = 2;
			sourceTree = SOURCE_ROOT;
		};
		375F22F10A2CD95600596099 = {
			fileEncoding = 4;
			isa = PBXFileReference;
			lastKnownFileType = sourcecode.c.c;
			name = "hippo-data-cache.c";
			path = "../hippo/hippo-data-cache.c";
			refType = 2;
			sourceTree = SOURCE_ROOT;
		};
		375F22F20A2CD95600596099 = {
			fileEncoding = 4;
			isa = PBXFileReference;
			lastKnownFileType = sourcecode.c.h;
			name = "hippo-data-cache.h";
			path = "../hippo/hippo-data-cache.h";
			refType = 2;
			sourceTree = SOURCE_ROOT;
		};
		375F22F30A2CD95600596099 = {
			fileEncoding = 4;
			isa = PBXFileReference;
			lastKnownFileType = sourcecode.c.h;
			name = "hippo-entity-protected.h";
			path = "../hippo/hippo-entity-protected.h";
			refType = 2;
			sourceTree = SOURCE_ROOT;
		};
		375F22F40A2CD95600596099 = {
			fileEncoding = 4;
			isa = PBXFileReference;
			lastKnownFileType = sourcecode.c.c;
			name = "hippo-entity.c";
			path = "../hippo/hippo-entity.c";
			refType = 2;
			sourceTree = SOURCE_ROOT;
		};
		375F22F50A2CD95600596099 = {
			fileEncoding = 4;
			isa = PBXFileReference;
			lastKnownFileType = sourcecode.c.h;
			name = "hippo-entity.h";
			path = "../hippo/hippo-entity.h";
			refType = 2;
			sourceTree = SOURCE_ROOT;
		};
		375F22F60A2CD95600596099 = {
			fileEncoding = 4;
			isa = PBXFileReference;
			lastKnownFileType = sourcecode.c.c;
			name = "hippo-myspace.c";
			path = "../hippo/hippo-myspace.c";
			refType = 2;
			sourceTree = SOURCE_ROOT;
		};
		375F22F70A2CD95600596099 = {
			fileEncoding = 4;
			isa = PBXFileReference;
			lastKnownFileType = sourcecode.c.h;
			name = "hippo-myspace.h";
			path = "../hippo/hippo-myspace.h";
			refType = 2;
			sourceTree = SOURCE_ROOT;
		};
		375F22F80A2CD95600596099 = {
			fileEncoding = 4;
			isa = PBXFileReference;
			lastKnownFileType = sourcecode.c.c;
			name = "hippo-person.c";
			path = "../hippo/hippo-person.c";
			refType = 2;
			sourceTree = SOURCE_ROOT;
		};
		375F22F90A2CD95600596099 = {
			fileEncoding = 4;
			isa = PBXFileReference;
			lastKnownFileType = sourcecode.c.h;
			name = "hippo-person.h";
			path = "../hippo/hippo-person.h";
			refType = 2;
			sourceTree = SOURCE_ROOT;
		};
		375F22FA0A2CD95600596099 = {
			fileEncoding = 4;
			isa = PBXFileReference;
			lastKnownFileType = sourcecode.c.c;
			name = "hippo-platform.c";
			path = "../hippo/hippo-platform.c";
			refType = 2;
			sourceTree = SOURCE_ROOT;
		};
		375F22FB0A2CD95600596099 = {
			fileEncoding = 4;
			isa = PBXFileReference;
			lastKnownFileType = sourcecode.c.h;
			name = "hippo-platform.h";
			path = "../hippo/hippo-platform.h";
			refType = 2;
			sourceTree = SOURCE_ROOT;
		};
		375F22FC0A2CD95600596099 = {
			fileEncoding = 4;
			isa = PBXFileReference;
			lastKnownFileType = sourcecode.c.c;
			name = "hippo-post.c";
			path = "../hippo/hippo-post.c";
			refType = 2;
			sourceTree = SOURCE_ROOT;
		};
		375F22FD0A2CD95600596099 = {
			fileEncoding = 4;
			isa = PBXFileReference;
			lastKnownFileType = sourcecode.c.h;
			name = "hippo-post.h";
			path = "../hippo/hippo-post.h";
			refType = 2;
			sourceTree = SOURCE_ROOT;
		};
		375F22FE0A2CD95600596099 = {
			fileRef = 375F22E60A2CD95600596099;
			isa = PBXBuildFile;
			settings = {
			};
		};
		375F23000A2CD95600596099 = {
			fileRef = 375F22E80A2CD95600596099;
			isa = PBXBuildFile;
			settings = {
			};
		};
		375F23040A2CD95600596099 = {
			fileRef = 375F22EC0A2CD95600596099;
			isa = PBXBuildFile;
			settings = {
			};
		};
		375F23060A2CD95600596099 = {
			fileRef = 375F22EE0A2CD95600596099;
			isa = PBXBuildFile;
			settings = {
			};
		};
		375F23090A2CD95600596099 = {
			fileRef = 375F22F10A2CD95600596099;
			isa = PBXBuildFile;
			settings = {
			};
		};
		375F230C0A2CD95600596099 = {
			fileRef = 375F22F40A2CD95600596099;
			isa = PBXBuildFile;
			settings = {
			};
		};
		375F230E0A2CD95600596099 = {
			fileRef = 375F22F60A2CD95600596099;
			isa = PBXBuildFile;
			settings = {
			};
		};
		375F23100A2CD95600596099 = {
			fileRef = 375F22F80A2CD95600596099;
			isa = PBXBuildFile;
			settings = {
			};
		};
		375F23120A2CD95600596099 = {
			fileRef = 375F22FA0A2CD95600596099;
			isa = PBXBuildFile;
			settings = {
			};
		};
		375F23140A2CD95600596099 = {
			fileRef = 375F22FC0A2CD95600596099;
			isa = PBXBuildFile;
			settings = {
			};
		};
		378E3D1C0A2CF12A00B801F6 = {
			fileRef = 375F22E70A2CD95600596099;
			isa = PBXBuildFile;
			settings = {
				ATTRIBUTES = (
					Public,
				);
			};
		};
		378E3D1D0A2CF12A00B801F6 = {
			fileRef = 375F22E90A2CD95600596099;
			isa = PBXBuildFile;
			settings = {
				ATTRIBUTES = (
					Public,
				);
			};
		};
		378E3D1E0A2CF12A00B801F6 = {
			fileRef = 375F22EA0A2CD95600596099;
			isa = PBXBuildFile;
			settings = {
				ATTRIBUTES = (
					Public,
				);
			};
		};
		378E3D1F0A2CF12A00B801F6 = {
			fileRef = 375F22EB0A2CD95600596099;
			isa = PBXBuildFile;
			settings = {
				ATTRIBUTES = (
					Public,
				);
			};
		};
		378E3D200A2CF12A00B801F6 = {
			fileRef = 375F22ED0A2CD95600596099;
			isa = PBXBuildFile;
			settings = {
				ATTRIBUTES = (
					Public,
				);
			};
		};
		378E3D210A2CF12A00B801F6 = {
			fileRef = 375F22EF0A2CD95600596099;
			isa = PBXBuildFile;
			settings = {
				ATTRIBUTES = (
					Public,
				);
			};
		};
		378E3D220A2CF12A00B801F6 = {
			fileRef = 375F22F00A2CD95600596099;
			isa = PBXBuildFile;
			settings = {
				ATTRIBUTES = (
					Public,
				);
			};
		};
		378E3D230A2CF12A00B801F6 = {
			fileRef = 375F22F20A2CD95600596099;
			isa = PBXBuildFile;
			settings = {
				ATTRIBUTES = (
					Public,
				);
			};
		};
		378E3D240A2CF12A00B801F6 = {
			fileRef = 375F22F30A2CD95600596099;
			isa = PBXBuildFile;
			settings = {
				ATTRIBUTES = (
					Public,
				);
			};
		};
		378E3D250A2CF12A00B801F6 = {
			fileRef = 375F22F50A2CD95600596099;
			isa = PBXBuildFile;
			settings = {
				ATTRIBUTES = (
					Public,
				);
			};
		};
		378E3D260A2CF12A00B801F6 = {
			fileRef = 375F22F70A2CD95600596099;
			isa = PBXBuildFile;
			settings = {
				ATTRIBUTES = (
					Public,
				);
			};
		};
		378E3D270A2CF12A00B801F6 = {
			fileRef = 375F22F90A2CD95600596099;
			isa = PBXBuildFile;
			settings = {
				ATTRIBUTES = (
					Public,
				);
			};
		};
		378E3D280A2CF12A00B801F6 = {
			fileRef = 375F22FB0A2CD95600596099;
			isa = PBXBuildFile;
			settings = {
				ATTRIBUTES = (
					Public,
				);
			};
		};
		378E3D290A2CF12A00B801F6 = {
			fileRef = 375F22FD0A2CD95600596099;
			isa = PBXBuildFile;
			settings = {
				ATTRIBUTES = (
					Public,
				);
			};
		};
		378E3D2A0A2CF12A00B801F6 = {
			fileRef = 375F22B70A2CD94300596099;
			isa = PBXBuildFile;
			settings = {
				ATTRIBUTES = (
					Private,
				);
			};
		};
		378E3D2B0A2CF12A00B801F6 = {
			fileRef = 375F22B90A2CD94300596099;
			isa = PBXBuildFile;
			settings = {
				ATTRIBUTES = (
					Private,
				);
			};
		};
		378E3D2C0A2CF12A00B801F6 = {
			fileRef = 375F22BB0A2CD94300596099;
			isa = PBXBuildFile;
			settings = {
				ATTRIBUTES = (
					Private,
				);
			};
		};
		378E3D2D0A2CF12A00B801F6 = {
			fileRef = 375F22BC0A2CD94300596099;
			isa = PBXBuildFile;
			settings = {
				ATTRIBUTES = (
					Private,
				);
			};
		};
		378E3D2E0A2CF12A00B801F6 = {
			fileRef = 375F22BE0A2CD94300596099;
			isa = PBXBuildFile;
			settings = {
				ATTRIBUTES = (
					Private,
				);
			};
		};
		378E3D2F0A2CF12A00B801F6 = {
			fileRef = 375F22C00A2CD94300596099;
			isa = PBXBuildFile;
			settings = {
				ATTRIBUTES = (
					Private,
				);
			};
		};
		378E3D300A2CF12A00B801F6 = {
			fileRef = 375F22C20A2CD94300596099;
			isa = PBXBuildFile;
			settings = {
				ATTRIBUTES = (
					Private,
				);
			};
		};
		378E3D310A2CF12A00B801F6 = {
			fileRef = 375F22C40A2CD94300596099;
			isa = PBXBuildFile;
			settings = {
				ATTRIBUTES = (
					Private,
				);
			};
		};
		378E3D320A2CF12A00B801F6 = {
			fileRef = 375F22C60A2CD94300596099;
			isa = PBXBuildFile;
			settings = {
				ATTRIBUTES = (
					Private,
				);
			};
		};
		378E3D330A2CF12A00B801F6 = {
			fileRef = 375F22C80A2CD94300596099;
			isa = PBXBuildFile;
			settings = {
				ATTRIBUTES = (
					Private,
				);
			};
		};
		378E3D340A2CF12A00B801F6 = {
			fileRef = 375F22CA0A2CD94300596099;
			isa = PBXBuildFile;
			settings = {
				ATTRIBUTES = (
					Private,
				);
			};
		};
		378E3D350A2CF12A00B801F6 = {
			fileRef = 375F22CC0A2CD94300596099;
			isa = PBXBuildFile;
			settings = {
				ATTRIBUTES = (
					Private,
				);
			};
		};
		378E3D360A2CF12A00B801F6 = {
			fileRef = 375F22CD0A2CD94300596099;
			isa = PBXBuildFile;
			settings = {
				ATTRIBUTES = (
					Public,
				);
			};
		};
//370
//371
//372
//373
//374
//4F0
//4F1
//4F2
//4F3
//4F4
		4F0BB7EC011F40E904CA0E50 = {
			buildSettings = {
				COPY_PHASE_STRIP = NO;
				DEBUGGING_SYMBOLS = YES;
				GCC_DYNAMIC_NO_PIC = NO;
				GCC_ENABLE_FIX_AND_CONTINUE = YES;
				GCC_GENERATE_DEBUGGING_SYMBOLS = YES;
				GCC_OPTIMIZATION_LEVEL = 0;
				HEADER_SEARCH_PATHS = "$(BUILD_DIR)/../ $(BUILD_DIR)/../../loudmouth/ $(BUILD_DIR)/../../ /usr/include/glib-2.0 /usr/lib/glib-2.0/include";
				LIBRARY_SEARCH_PATHS = /usr/lib;
				OPTIMIZATION_CFLAGS = "-O0";
				OTHER_CFLAGS = "-DLM_COMPILATION";
				OTHER_LDFLAGS = "-lgthread-2.0 -lgobject-2.0 -lglib-2.0 -lintl -liconv";
				ZERO_LINK = YES;
			};
			isa = PBXBuildStyle;
			name = Development;
		};
		4F0BB7ED011F40E904CA0E50 = {
			buildSettings = {
				COPY_PHASE_STRIP = YES;
				GCC_ENABLE_FIX_AND_CONTINUE = NO;
				HEADER_SEARCH_PATHS = "$(BUILD_DIR)/../ $(BUILD_DIR)/../../loudmouth/ $(BUILD_DIR)/../../ /usr/include/glib-2.0 /usr/lib/glib-2.0/include";
				LIBRARY_SEARCH_PATHS = /usr/lib;
				OTHER_CFLAGS = "-DLM_COMPILATION";
				OTHER_LDFLAGS = "-lgthread-2.0 -lgobject-2.0 -lglib-2.0 -lintl -liconv";
				ZERO_LINK = NO;
			};
			isa = PBXBuildStyle;
			name = Deployment;
		};
//4F0
//4F1
//4F2
//4F3
//4F4
//8D0
//8D1
//8D2
//8D3
//8D4
		8D07F2BC0486CC7A007CD1D0 = {
			buildPhases = (
				8D07F2BD0486CC7A007CD1D0,
				8D07F2BF0486CC7A007CD1D0,
				8D07F2C10486CC7A007CD1D0,
				8D07F2C30486CC7A007CD1D0,
				8D07F2C50486CC7A007CD1D0,
			);
			buildRules = (
			);
			buildSettings = {
				DEPLOYMENT_LOCATION = YES;
				DSTROOT = /;
				DYLIB_COMPATIBILITY_VERSION = 1;
				DYLIB_CURRENT_VERSION = 1;
				FRAMEWORK_SEARCH_PATHS = "";
				FRAMEWORK_VERSION = A;
				GCC_ENABLE_TRIGRAPHS = NO;
				GCC_GENERATE_DEBUGGING_SYMBOLS = NO;
				GCC_PRECOMPILE_PREFIX_HEADER = NO;
				GCC_PREFIX_HEADER = "";
				GCC_WARN_ABOUT_MISSING_PROTOTYPES = NO;
				GCC_WARN_FOUR_CHARACTER_CONSTANTS = NO;
				GCC_WARN_UNKNOWN_PRAGMAS = NO;
				HEADER_SEARCH_PATHS = "";
				INFOPLIST_FILE = Info.plist;
				INSTALL_PATH = "$(HOME)/Library/Frameworks";
				LIBRARY_SEARCH_PATHS = "";
				LIBRARY_STYLE = Dynamic;
				OTHER_CFLAGS = "";
				OTHER_LDFLAGS = "";
				PRODUCT_NAME = hippo;
				SECTORDER_FLAGS = "";
				WARNING_CFLAGS = "-Wmost -Wno-four-char-constants -Wno-unknown-pragmas";
				WRAPPER_EXTENSION = framework;
			};
			dependencies = (
			);
			isa = PBXNativeTarget;
			name = hippo;
			productInstallPath = "$(HOME)/Library/Frameworks";
			productName = HippoCommon;
			productReference = 8D07F2C80486CC7A007CD1D0;
			productType = "com.apple.product-type.framework";
		};
		8D07F2BD0486CC7A007CD1D0 = {
			buildActionMask = 2147483647;
			files = (
				378E3D1C0A2CF12A00B801F6,
				378E3D1D0A2CF12A00B801F6,
				378E3D1E0A2CF12A00B801F6,
				378E3D1F0A2CF12A00B801F6,
				378E3D200A2CF12A00B801F6,
				378E3D210A2CF12A00B801F6,
				378E3D220A2CF12A00B801F6,
				378E3D230A2CF12A00B801F6,
				378E3D240A2CF12A00B801F6,
				378E3D250A2CF12A00B801F6,
				378E3D260A2CF12A00B801F6,
				378E3D270A2CF12A00B801F6,
				378E3D280A2CF12A00B801F6,
				378E3D290A2CF12A00B801F6,
				378E3D2A0A2CF12A00B801F6,
				378E3D2B0A2CF12A00B801F6,
				378E3D2C0A2CF12A00B801F6,
				378E3D2D0A2CF12A00B801F6,
				378E3D2E0A2CF12A00B801F6,
				378E3D2F0A2CF12A00B801F6,
				378E3D300A2CF12A00B801F6,
				378E3D310A2CF12A00B801F6,
				378E3D320A2CF12A00B801F6,
				378E3D330A2CF12A00B801F6,
				378E3D340A2CF12A00B801F6,
				378E3D350A2CF12A00B801F6,
				378E3D360A2CF12A00B801F6,
			);
			isa = PBXHeadersBuildPhase;
			runOnlyForDeploymentPostprocessing = 0;
		};
		8D07F2BF0486CC7A007CD1D0 = {
			buildActionMask = 2147483647;
			files = (
				8D07F2C00486CC7A007CD1D0,
			);
			isa = PBXResourcesBuildPhase;
			runOnlyForDeploymentPostprocessing = 0;
		};
		8D07F2C00486CC7A007CD1D0 = {
			fileRef = 089C1666FE841158C02AAC07;
			isa = PBXBuildFile;
			settings = {
			};
		};
		8D07F2C10486CC7A007CD1D0 = {
			buildActionMask = 2147483647;
			files = (
				375F22CE0A2CD94300596099,
				375F22D00A2CD94300596099,
				375F22D20A2CD94300596099,
				375F22D50A2CD94300596099,
				375F22D70A2CD94300596099,
				375F22D90A2CD94300596099,
				375F22DB0A2CD94300596099,
				375F22DD0A2CD94300596099,
				375F22DF0A2CD94300596099,
				375F22E10A2CD94300596099,
				375F22E30A2CD94300596099,
				375F22FE0A2CD95600596099,
				375F23000A2CD95600596099,
				375F23040A2CD95600596099,
				375F23060A2CD95600596099,
				375F23090A2CD95600596099,
				375F230C0A2CD95600596099,
				375F230E0A2CD95600596099,
				375F23100A2CD95600596099,
				375F23120A2CD95600596099,
				375F23140A2CD95600596099,
			);
			isa = PBXSourcesBuildPhase;
			runOnlyForDeploymentPostprocessing = 0;
		};
		8D07F2C30486CC7A007CD1D0 = {
			buildActionMask = 2147483647;
			files = (
			);
			isa = PBXFrameworksBuildPhase;
			runOnlyForDeploymentPostprocessing = 0;
		};
		8D07F2C50486CC7A007CD1D0 = {
			buildActionMask = 2147483647;
			files = (
			);
			isa = PBXRezBuildPhase;
			runOnlyForDeploymentPostprocessing = 0;
		};
		8D07F2C70486CC7A007CD1D0 = {
			fileEncoding = 4;
			isa = PBXFileReference;
			lastKnownFileType = text.xml;
			path = Info.plist;
			refType = 2;
			sourceTree = SOURCE_ROOT;
		};
		8D07F2C80486CC7A007CD1D0 = {
			explicitFileType = wrapper.framework;
			includeInIndex = 0;
			isa = PBXFileReference;
			path = hippo.framework;
			refType = 3;
			sourceTree = BUILT_PRODUCTS_DIR;
		};
	};
	rootObject = 0867D690FE84028FC02AAC07;
}
